
Microsoft Visual Studio Solution File, Format Version 12.00
# Visual Studio Version 17
VisualStudioVersion = 17.12.35707.178 d17.12
MinimumVisualStudioVersion = 10.0.40219.1
Project("{FAE04EC0-301F-11D3-BF4B-00C04F79EFBC}") = "Lilly's Vore Mod", "Lilly's Vore Mod.csproj", "{D94592D3-D6B3-4B0B-A486-D8B575478280}"
EndProject
Global
	GlobalSection(SolutionConfigurationPlatforms) = preSolution
		Debug|Any CPU = Debug|Any CPU
		Release|Any CPU = Release|Any CPU
	EndGlobalSection
	GlobalSection(ProjectConfigurationPlatforms) = postSolution
		{D94592D3-D6B3-4B0B-A486-D8B575478280}.Debug|Any CPU.ActiveCfg = Debug|Any CPU
		{D94592D3-D6B3-4B0B-A486-D8B575478280}.Debug|Any CPU.Build.0 = Debug|Any CPU
		{D94592D3-D6B3-4B0B-A486-D8B575478280}.Release|Any CPU.ActiveCfg = Release|Any CPU
		{D94592D3-D6B3-4B0B-A486-D8B575478280}.Release|Any CPU.Build.0 = Release|Any CPU
	EndGlobalSection
	GlobalSection(SolutionProperties) = preSolution
		HideSolutionNode = FALSE
	EndGlobalSection
EndGlobal
